{
  "name": "Nephila-Proyecto-final",
  "lockfileVersion": 2,
  "requires": true,
  "packages": {
    "": {
      "dependencies": {
        "bootstrap-icons": "^1.10.2",
        "jwt-decode": "^3.1.2",
        "sweetalert2": "^11.6.15"
      }
    },
    "node_modules/bootstrap-icons": {
      "version": "1.10.2",
      "resolved": "https://registry.npmjs.org/bootstrap-icons/-/bootstrap-icons-1.10.2.tgz",
      "integrity": "sha512-PTPYadRn1AMGr+QTSxe4ZCc+Wzv9DGZxbi3lNse/dajqV31n2/wl/7NX78ZpkvFgRNmH4ogdIQPQmxAfhEV6nA=="
    },
    "node_modules/jwt-decode": {
      "version": "3.1.2",
      "resolved": "https://registry.npmjs.org/jwt-decode/-/jwt-decode-3.1.2.tgz",
      "integrity": "sha512-UfpWE/VZn0iP50d8cz9NrZLM9lSWhcJ+0Gt/nm4by88UL+J1SiKN8/5dkjMmbEzwL2CAe+67GsegCbIKtbp75A=="
    },
    "node_modules/sweetalert2": {
      "version": "11.6.15",
      "resolved": "https://registry.npmjs.org/sweetalert2/-/sweetalert2-11.6.15.tgz",
      "integrity": "sha512-FqMy1gRGHEI5G145NE5XSP059TziCJu9Xf9/mkki/aKu5pLNcYzjggOzKO5Ex10EBgAGDXQ99jyGfYYzGCYXRQ==",
      "funding": {
        "type": "individual",
        "url": "https://github.com/sponsors/limonte"
      }
    }
  },
  "dependencies": {
    "bootstrap-icons": {
      "version": "1.10.2",
      "resolved": "https://registry.npmjs.org/bootstrap-icons/-/bootstrap-icons-1.10.2.tgz",
      "integrity": "sha512-PTPYadRn1AMGr+QTSxe4ZCc+Wzv9DGZxbi3lNse/dajqV31n2/wl/7NX78ZpkvFgRNmH4ogdIQPQmxAfhEV6nA=="
    },
    "jwt-decode": {
      "version": "3.1.2",
      "resolved": "https://registry.npmjs.org/jwt-decode/-/jwt-decode-3.1.2.tgz",
      "integrity": "sha512-UfpWE/VZn0iP50d8cz9NrZLM9lSWhcJ+0Gt/nm4by88UL+J1SiKN8/5dkjMmbEzwL2CAe+67GsegCbIKtbp75A=="
    },
    "sweetalert2": {
      "version": "11.6.15",
      "resolved": "https://registry.npmjs.org/sweetalert2/-/sweetalert2-11.6.15.tgz",
      "integrity": "sha512-FqMy1gRGHEI5G145NE5XSP059TziCJu9Xf9/mkki/aKu5pLNcYzjggOzKO5Ex10EBgAGDXQ99jyGfYYzGCYXRQ=="
    }
  }
}
